<?xml version="1.0" encoding="utf-8"?>
<Project ToolsVersion="4.0" xmlns="http://schemas.microsoft.com/developer/msbuild/2003">
  <ItemGroup>
    <Filter Include="ソース ファイル">
      <UniqueIdentifier>{4FC737F1-C7A5-4376-A066-2A32D752A2FF}</UniqueIdentifier>
      <Extensions>cpp;c;cc;cxx;c++;cppm;ixx;def;odl;idl;hpj;bat;asm;asmx</Extensions>
    </Filter>
    <Filter Include="ヘッダー ファイル">
      <UniqueIdentifier>{93995380-89BD-4b04-88EB-625FBE52EBFB}</UniqueIdentifier>
      <Extensions>h;hh;hpp;hxx;h++;hm;inl;inc;ipp;xsd</Extensions>
    </Filter>
    <Filter Include="リソース ファイル">
      <UniqueIdentifier>{67DA6AB6-F800-4c08-8B7A-83BB121AAD01}</UniqueIdentifier>
      <Extensions>rc;ico;cur;bmp;dlg;rc2;rct;bin;rgs;gif;jpg;jpeg;jpe;resx;tiff;tif;png;wav;mfcribbon-ms</Extensions>
    </Filter>
    <Filter Include="ソース ファイル\DirectX12">
      <UniqueIdentifier>{964e5c95-d74b-4b4f-86f1-916d0adddbd1}</UniqueIdentifier>
    </Filter>
    <Filter Include="ヘッダー ファイル\DirectX12">
      <UniqueIdentifier>{c6c00c7f-d492-460f-9570-0372ace87a39}</UniqueIdentifier>
    </Filter>
    <Filter Include="ソース ファイル\WindowsAPI">
      <UniqueIdentifier>{754ed4e7-ce18-410f-8fdf-98b6dc372694}</UniqueIdentifier>
    </Filter>
    <Filter Include="ヘッダー ファイル\WindowsAPI">
      <UniqueIdentifier>{0860c094-b72e-4795-a660-5837524536d2}</UniqueIdentifier>
    </Filter>
    <Filter Include="ソース ファイル\GraphicsRenderer">
      <UniqueIdentifier>{c58eec7d-b1c9-4d0b-9a5d-260fd2e92cce}</UniqueIdentifier>
    </Filter>
    <Filter Include="ヘッダー ファイル\GraphicsRenderer">
      <UniqueIdentifier>{93e449ea-001f-4948-8c69-0cd2ff356a80}</UniqueIdentifier>
    </Filter>
    <Filter Include="ヘッダー ファイル\FormatString">
      <UniqueIdentifier>{507d3a5c-16f2-4c0a-8010-88312281c146}</UniqueIdentifier>
    </Filter>
    <Filter Include="ソース ファイル\GameManager">
      <UniqueIdentifier>{12a10a61-ffda-4dca-882e-a2db7dbf3019}</UniqueIdentifier>
    </Filter>
    <Filter Include="ヘッダー ファイル\GameManager">
      <UniqueIdentifier>{4a7189fd-b318-4cfb-8f4d-14de7a7c66d2}</UniqueIdentifier>
    </Filter>
    <Filter Include="ソース ファイル\Triangle">
      <UniqueIdentifier>{d7089c41-725c-4588-bdc8-63c4399679ca}</UniqueIdentifier>
    </Filter>
    <Filter Include="ヘッダー ファイル\Triangle">
      <UniqueIdentifier>{266ffc38-ba75-4ce5-b9db-92acb61ea79e}</UniqueIdentifier>
    </Filter>
    <Filter Include="ソース ファイル\MT">
      <UniqueIdentifier>{bbd1e86c-982d-4f35-a47f-5fdcf744f99e}</UniqueIdentifier>
    </Filter>
    <Filter Include="ヘッダー ファイル\MT">
      <UniqueIdentifier>{9b245589-b8b3-49e4-915e-9743dc0bdfaf}</UniqueIdentifier>
    </Filter>
    <Filter Include="ソース ファイル\ImGui">
      <UniqueIdentifier>{c6680e28-0f88-41e8-bf28-918f0b74e205}</UniqueIdentifier>
    </Filter>
    <Filter Include="ヘッダー ファイル\ImGui">
      <UniqueIdentifier>{756f9472-c43c-4376-a197-ee85c55542bc}</UniqueIdentifier>
    </Filter>
    <Filter Include="ソース ファイル\Sprite">
      <UniqueIdentifier>{c89ddfba-0e14-4f20-b3e8-f3c4e5b15b81}</UniqueIdentifier>
    </Filter>
    <Filter Include="ヘッダー ファイル\Sprite">
      <UniqueIdentifier>{64c2e71c-f11e-4333-baf3-87e1fd362ce9}</UniqueIdentifier>
    </Filter>
    <Filter Include="ソース ファイル\Sphere">
      <UniqueIdentifier>{6939d3ea-8670-44bd-955d-44dd55374a2f}</UniqueIdentifier>
    </Filter>
    <Filter Include="ヘッダー ファイル\Sphere">
      <UniqueIdentifier>{6e470425-8ee2-44e5-a59e-372463493378}</UniqueIdentifier>
    </Filter>
    <Filter Include="ヘッダー ファイル\Structs">
      <UniqueIdentifier>{3720472d-ad94-4dbe-bccd-ac9c65ee8eab}</UniqueIdentifier>
    </Filter>
    <Filter Include="ソース ファイル\Light">
      <UniqueIdentifier>{4fdef1a8-4898-4d93-85a3-158422fc1c8c}</UniqueIdentifier>
    </Filter>
    <Filter Include="ヘッダー ファイル\Light">
      <UniqueIdentifier>{93512fa9-f520-48c2-b8c1-6764bd75f3b8}</UniqueIdentifier>
    </Filter>
    <Filter Include="ソース ファイル\Model">
      <UniqueIdentifier>{cadbebde-9578-48fb-8531-289c16ef9602}</UniqueIdentifier>
    </Filter>
    <Filter Include="ヘッダー ファイル\Model">
      <UniqueIdentifier>{a906c55c-71cc-453b-a769-cf9115c86cff}</UniqueIdentifier>
    </Filter>
    <Filter Include="ヘッダー ファイル\MaterialData">
      <UniqueIdentifier>{423cde4e-328a-47a4-970b-7e844c3e4287}</UniqueIdentifier>
    </Filter>
    <Filter Include="ソース ファイル\MaterialData">
      <UniqueIdentifier>{b40bc014-b3f4-4772-9263-f0c5b2e10d70}</UniqueIdentifier>
    </Filter>
    <Filter Include="ヘッダー ファイル\ResourceObject">
      <UniqueIdentifier>{e2fa70a0-1df5-46d5-9e73-6ad708d18271}</UniqueIdentifier>
    </Filter>
    <Filter Include="ソース ファイル\TextureManager">
      <UniqueIdentifier>{af644f3b-76ca-450c-94fa-c05103960c0f}</UniqueIdentifier>
    </Filter>
    <Filter Include="ヘッダー ファイル\TextureManager">
      <UniqueIdentifier>{8ac60a1b-1763-48e9-ad62-641756b66788}</UniqueIdentifier>
    </Filter>
    <Filter Include="ソース ファイル\FormatString">
      <UniqueIdentifier>{1caf239b-ffb5-47e4-9eee-b5a40ca49623}</UniqueIdentifier>
    </Filter>
  </ItemGroup>
  <ItemGroup>
    <ClCompile Include="main.cpp">
      <Filter>ソース ファイル</Filter>
    </ClCompile>
    <ClCompile Include="base\DirectX12\DirectX12.cpp">
      <Filter>ソース ファイル\DirectX12</Filter>
    </ClCompile>
    <ClCompile Include="base\WindowsAPI\WindowsAPI.cpp">
      <Filter>ソース ファイル\WindowsAPI</Filter>
    </ClCompile>
    <ClCompile Include="base\GraphicsRenderer\GraphicsRenderer.cpp">
      <Filter>ソース ファイル\GraphicsRenderer</Filter>
    </ClCompile>
    <ClCompile Include="utility\FormatString\FormatString.cpp">
      <Filter>ソース ファイル\FormatString</Filter>
    </ClCompile>
    <ClCompile Include="manager\GameManager\GameManager.cpp">
      <Filter>ソース ファイル\GameManager</Filter>
    </ClCompile>
    <ClCompile Include="object\Traiangle\Triangle.cpp">
      <Filter>ソース ファイル\Triangle</Filter>
    </ClCompile>
    <ClCompile Include="math\MT\MT.cpp">
      <Filter>ソース ファイル\MT</Filter>
    </ClCompile>
    <ClCompile Include="externals\imgui\imgui.cpp">
      <Filter>ソース ファイル\ImGui</Filter>
    </ClCompile>
    <ClCompile Include="externals\imgui\imgui_demo.cpp">
      <Filter>ソース ファイル\ImGui</Filter>
    </ClCompile>
    <ClCompile Include="externals\imgui\imgui_draw.cpp">
      <Filter>ソース ファイル\ImGui</Filter>
    </ClCompile>
    <ClCompile Include="externals\imgui\imgui_impl_dx12.cpp">
      <Filter>ソース ファイル\ImGui</Filter>
    </ClCompile>
    <ClCompile Include="externals\imgui\imgui_impl_win32.cpp">
      <Filter>ソース ファイル\ImGui</Filter>
    </ClCompile>
    <ClCompile Include="externals\imgui\imgui_tables.cpp">
      <Filter>ソース ファイル\ImGui</Filter>
    </ClCompile>
    <ClCompile Include="externals\imgui\imgui_widgets.cpp">
      <Filter>ソース ファイル\ImGui</Filter>
    </ClCompile>
    <ClCompile Include="object\Sprite\Sprite.cpp">
      <Filter>ソース ファイル\Sprite</Filter>
    </ClCompile>
    <ClCompile Include="object\Sphere\Sphere.cpp">
      <Filter>ソース ファイル\Sphere</Filter>
    </ClCompile>
    <ClCompile Include="components\Light\Light.cpp">
      <Filter>ソース ファイル\Light</Filter>
    </ClCompile>
    <ClCompile Include="object\Particle\Particle.cpp">
      <Filter>ソース ファイル\Model</Filter>
    </ClCompile>
    <ClCompile Include="structure\MaterialData\MaterialData.cpp">
      <Filter>ソース ファイル\MaterialData</Filter>
    </ClCompile>
    <ClCompile Include="manager\TextureManager\TextureManager.cpp">
      <Filter>ソース ファイル\TextureManager</Filter>
    </ClCompile>
    <ClCompile Include="object\Sprite\SpriteCommon\SpriteCommon.cpp">
      <Filter>ソース ファイル\Sprite</Filter>
    </ClCompile>
    <ClCompile Include="components\Audio\3DAudio\Audio3D.cpp">
      <Filter>ソース ファイル</Filter>
    </ClCompile>
    <ClCompile Include="manager\PipelineManager\PiplineManager.cpp">
      <Filter>ソース ファイル</Filter>
    </ClCompile>
    <ClCompile Include="manager\ModelManager\ModelManager.cpp">
      <Filter>ソース ファイル</Filter>
    </ClCompile>
    <ClCompile Include="base\ResourceLeakCheck\ResourceLeakCheck.cpp">
      <Filter>ソース ファイル</Filter>
    </ClCompile>
    <ClCompile Include="Input\Input.cpp">
      <Filter>ソース ファイル</Filter>
    </ClCompile>
    <ClCompile Include="math\WorldTransform\WorldTransform.cpp">
      <Filter>ソース ファイル</Filter>
    </ClCompile>
    <ClCompile Include="ViewProjection\ViewProjection.cpp">
      <Filter>ソース ファイル</Filter>
    </ClCompile>
    <ClCompile Include="scene\GameClearScene.cpp">
      <Filter>ソース ファイル</Filter>
    </ClCompile>
    <ClCompile Include="scene\GameScene.cpp">
      <Filter>ソース ファイル</Filter>
    </ClCompile>
    <ClCompile Include="scene\IScene.cpp">
      <Filter>ソース ファイル</Filter>
    </ClCompile>
    <ClCompile Include="scene\TitleScene.cpp">
      <Filter>ソース ファイル</Filter>
    </ClCompile>
    <ClCompile Include="Project\Bullet\EnemyBullet\EnemyBullet.cpp">
      <Filter>ソース ファイル</Filter>
    </ClCompile>
    <ClCompile Include="Project\Bullet\PlayerBullet\PlayerBullet.cpp">
      <Filter>ソース ファイル</Filter>
    </ClCompile>
    <ClCompile Include="Project\Enemy\EnemyState\EnemyState.cpp">
      <Filter>ソース ファイル</Filter>
    </ClCompile>
    <ClCompile Include="Project\Enemy\Enemy.cpp">
      <Filter>ソース ファイル</Filter>
    </ClCompile>
    <ClCompile Include="Project\Player\Player.cpp">
      <Filter>ソース ファイル</Filter>
    </ClCompile>
    <ClCompile Include="Project\RailCamera\RailCamera.cpp">
      <Filter>ソース ファイル</Filter>
    </ClCompile>
    <ClCompile Include="Project\Skydome\Skydome.cpp">
      <Filter>ソース ファイル</Filter>
    </ClCompile>
    <ClCompile Include="Project\TimedCall\TimedCall.cpp">
      <Filter>ソース ファイル</Filter>
    </ClCompile>
  </ItemGroup>
  <ItemGroup>
    <FxCompile Include="ShaderFile\Object3d.VS.hlsl" />
    <FxCompile Include="ShaderFile\Object3d.PS.hlsl" />
    <FxCompile Include="ShaderFile\Particle.VS.hlsl" />
    <FxCompile Include="ShaderFile\Particle.PS.hlsl" />
  </ItemGroup>
  <ItemGroup>
    <ClInclude Include="base\DirectX12\DirectX12.h">
      <Filter>ヘッダー ファイル\DirectX12</Filter>
    </ClInclude>
    <ClInclude Include="base\WindowsAPI\WindowsAPI.h">
      <Filter>ヘッダー ファイル\WindowsAPI</Filter>
    </ClInclude>
    <ClInclude Include="base\GraphicsRenderer\GraphicsRenderer.h">
      <Filter>ヘッダー ファイル\GraphicsRenderer</Filter>
    </ClInclude>
    <ClInclude Include="utility\FormatString\FormatString.h">
      <Filter>ヘッダー ファイル\FormatString</Filter>
    </ClInclude>
    <ClInclude Include="manager\GameManager\GameManager.h">
      <Filter>ヘッダー ファイル\GameManager</Filter>
    </ClInclude>
    <ClInclude Include="object\Traiangle\Triangle.h">
      <Filter>ヘッダー ファイル\Triangle</Filter>
    </ClInclude>
    <ClInclude Include="math\MT\MT.h">
      <Filter>ヘッダー ファイル\MT</Filter>
    </ClInclude>
    <ClInclude Include="externals\imgui\imgui.h">
      <Filter>ヘッダー ファイル\ImGui</Filter>
    </ClInclude>
    <ClInclude Include="externals\imgui\imgui_impl_dx12.h">
      <Filter>ヘッダー ファイル\ImGui</Filter>
    </ClInclude>
    <ClInclude Include="externals\imgui\imgui_impl_win32.h">
      <Filter>ヘッダー ファイル\ImGui</Filter>
    </ClInclude>
    <ClInclude Include="externals\imgui\imgui_internal.h">
      <Filter>ヘッダー ファイル\ImGui</Filter>
    </ClInclude>
    <ClInclude Include="manager\ImGuiManager\ImGuiManager.h">
      <Filter>ヘッダー ファイル\ImGui</Filter>
    </ClInclude>
    <ClInclude Include="externals\imgui\imstb_rectpack.h">
      <Filter>ヘッダー ファイル\ImGui</Filter>
    </ClInclude>
    <ClInclude Include="externals\imgui\imstb_textedit.h">
      <Filter>ヘッダー ファイル\ImGui</Filter>
    </ClInclude>
    <ClInclude Include="externals\imgui\imstb_truetype.h">
      <Filter>ヘッダー ファイル\ImGui</Filter>
    </ClInclude>
    <ClInclude Include="math\Vector4.h">
      <Filter>ヘッダー ファイル\MT</Filter>
    </ClInclude>
    <ClInclude Include="externals\imgui\imconfig.h">
      <Filter>ヘッダー ファイル\ImGui</Filter>
    </ClInclude>
    <ClInclude Include="object\Sprite\Sprite.h">
      <Filter>ヘッダー ファイル\Sprite</Filter>
    </ClInclude>
    <ClInclude Include="object\Sphere\Sphere.h">
      <Filter>ヘッダー ファイル\Sphere</Filter>
    </ClInclude>
    <ClInclude Include="structure\Material\Material.h">
      <Filter>ヘッダー ファイル\Structs</Filter>
    </ClInclude>
    <ClInclude Include="math\TransformationMatrix.h">
      <Filter>ヘッダー ファイル\Structs</Filter>
    </ClInclude>
    <ClInclude Include="components\DirectionalLight\DirectionalLight.h">
      <Filter>ヘッダー ファイル\Structs</Filter>
    </ClInclude>
    <ClInclude Include="components\Light\Light.h">
      <Filter>ヘッダー ファイル\Light</Filter>
    </ClInclude>
    <ClInclude Include="structure\ModelData\ModelData.h">
      <Filter>ヘッダー ファイル\Structs</Filter>
    </ClInclude>
    <ClInclude Include="object\Particle\Particle.h">
      <Filter>ヘッダー ファイル\Model</Filter>
    </ClInclude>
    <ClInclude Include="structure\MaterialData\MaterialData.h">
      <Filter>ヘッダー ファイル\MaterialData</Filter>
    </ClInclude>
    <ClInclude Include="object\ResourceObject\ResourceObject.h">
      <Filter>ヘッダー ファイル\ResourceObject</Filter>
    </ClInclude>
    <ClInclude Include="manager\TextureManager\TextureManager.h">
      <Filter>ヘッダー ファイル\TextureManager</Filter>
    </ClInclude>
    <ClInclude Include="object\Sprite\SpriteCommon\SpriteCommon.h">
      <Filter>ヘッダー ファイル\Sprite</Filter>
    </ClInclude>
    <ClInclude Include="structure\VertexData\VertexData.h">
      <Filter>ヘッダー ファイル</Filter>
    </ClInclude>
    <ClInclude Include="components\Audio\3DAudio\Audio3D.h">
      <Filter>ヘッダー ファイル</Filter>
    </ClInclude>
    <ClInclude Include="structure\XAudio2_Buffer\XAudio2_Buffer.h">
      <Filter>ヘッダー ファイル</Filter>
    </ClInclude>
    <ClInclude Include="manager\PipelineManager\PiplineManager.h">
      <Filter>ヘッダー ファイル</Filter>
    </ClInclude>
    <ClInclude Include="manager\ModelManager\ModelManager.h">
      <Filter>ヘッダー ファイル</Filter>
    </ClInclude>
    <ClInclude Include="base\ResourceLeakCheck\ResourceLeakCheck.h">
      <Filter>ヘッダー ファイル</Filter>
    </ClInclude>
    <ClInclude Include="Input\Input.h">
      <Filter>ヘッダー ファイル</Filter>
    </ClInclude>
    <ClInclude Include="math\WorldTransform\WorldTransform.h">
      <Filter>ヘッダー ファイル</Filter>
    </ClInclude>
    <ClInclude Include="ViewProjection\ViewProjection.h">
      <Filter>ヘッダー ファイル</Filter>
    </ClInclude>
    <ClInclude Include="scene\GameClearScene.h">
      <Filter>ヘッダー ファイル</Filter>
    </ClInclude>
    <ClInclude Include="scene\GameScene.h">
      <Filter>ヘッダー ファイル</Filter>
    </ClInclude>
    <ClInclude Include="scene\IScene.h">
      <Filter>ヘッダー ファイル</Filter>
    </ClInclude>
    <ClInclude Include="scene\TitleScene.h">
      <Filter>ヘッダー ファイル</Filter>
    </ClInclude>
    <ClInclude Include="Project\Bullet\EnemyBullet\EnemyBullet.h">
      <Filter>ヘッダー ファイル</Filter>
    </ClInclude>
    <ClInclude Include="Project\Bullet\PlayerBullet\PlayerBullet.h">
      <Filter>ヘッダー ファイル</Filter>
    </ClInclude>
    <ClInclude Include="Project\Enemy\Enemy.h">
      <Filter>ヘッダー ファイル</Filter>
    </ClInclude>
    <ClInclude Include="Project\Enemy\EnemyState\EnemyState.h">
      <Filter>ヘッダー ファイル</Filter>
    </ClInclude>
    <ClInclude Include="Project\Player\Player.h">
      <Filter>ヘッダー ファイル</Filter>
    </ClInclude>
    <ClInclude Include="Project\RailCamera\RailCamera.h">
      <Filter>ヘッダー ファイル</Filter>
    </ClInclude>
    <ClInclude Include="Project\Skydome\Skydome.h">
      <Filter>ヘッダー ファイル</Filter>
    </ClInclude>
    <ClInclude Include="Project\TimedCall\TimedCall.h">
      <Filter>ヘッダー ファイル</Filter>
    </ClInclude>
  </ItemGroup>
  <ItemGroup>
    <Text Include="externals\imgui\LICENSE.txt" />
  </ItemGroup>
  <ItemGroup>
    <None Include="ShaderFile\Object3d.hlsli" />
    <None Include="ShaderFile\Particle.hlsli" />
  </ItemGroup>
</Project>