<?xml version="1.0" encoding="utf-8"?>
<Project ToolsVersion="4.0" xmlns="http://schemas.microsoft.com/developer/msbuild/2003">
  <ItemGroup>
    <Filter Include="ソース ファイル">
      <UniqueIdentifier>{4FC737F1-C7A5-4376-A066-2A32D752A2FF}</UniqueIdentifier>
      <Extensions>cpp;c;cc;cxx;c++;cppm;ixx;def;odl;idl;hpj;bat;asm;asmx</Extensions>
    </Filter>
    <Filter Include="ヘッダー ファイル">
      <UniqueIdentifier>{93995380-89BD-4b04-88EB-625FBE52EBFB}</UniqueIdentifier>
      <Extensions>h;hh;hpp;hxx;h++;hm;inl;inc;ipp;xsd</Extensions>
    </Filter>
    <Filter Include="リソース ファイル">
      <UniqueIdentifier>{67DA6AB6-F800-4c08-8B7A-83BB121AAD01}</UniqueIdentifier>
      <Extensions>rc;ico;cur;bmp;dlg;rc2;rct;bin;rgs;gif;jpg;jpeg;jpe;resx;tiff;tif;png;wav;mfcribbon-ms</Extensions>
    </Filter>
    <Filter Include="ソース ファイル\DirectX12">
      <UniqueIdentifier>{964e5c95-d74b-4b4f-86f1-916d0adddbd1}</UniqueIdentifier>
    </Filter>
    <Filter Include="ヘッダー ファイル\DirectX12">
      <UniqueIdentifier>{c6c00c7f-d492-460f-9570-0372ace87a39}</UniqueIdentifier>
    </Filter>
    <Filter Include="ソース ファイル\WindowsAPI">
      <UniqueIdentifier>{754ed4e7-ce18-410f-8fdf-98b6dc372694}</UniqueIdentifier>
    </Filter>
    <Filter Include="ヘッダー ファイル\WindowsAPI">
      <UniqueIdentifier>{0860c094-b72e-4795-a660-5837524536d2}</UniqueIdentifier>
    </Filter>
    <Filter Include="ソース ファイル\GraphicsRenderer">
      <UniqueIdentifier>{c58eec7d-b1c9-4d0b-9a5d-260fd2e92cce}</UniqueIdentifier>
    </Filter>
    <Filter Include="ヘッダー ファイル\GraphicsRenderer">
      <UniqueIdentifier>{93e449ea-001f-4948-8c69-0cd2ff356a80}</UniqueIdentifier>
    </Filter>
    <Filter Include="ソース ファイル\FormatString">
      <UniqueIdentifier>{1caf239b-ffb5-47e4-9eee-b5a40ca49623}</UniqueIdentifier>
    </Filter>
    <Filter Include="ヘッダー ファイル\FormatString">
      <UniqueIdentifier>{507d3a5c-16f2-4c0a-8010-88312281c146}</UniqueIdentifier>
    </Filter>
    <Filter Include="ソース ファイル\GameManager">
      <UniqueIdentifier>{12a10a61-ffda-4dca-882e-a2db7dbf3019}</UniqueIdentifier>
    </Filter>
    <Filter Include="ヘッダー ファイル\GameManager">
      <UniqueIdentifier>{4a7189fd-b318-4cfb-8f4d-14de7a7c66d2}</UniqueIdentifier>
    </Filter>
    <Filter Include="ソース ファイル\Triangle">
      <UniqueIdentifier>{d7089c41-725c-4588-bdc8-63c4399679ca}</UniqueIdentifier>
    </Filter>
    <Filter Include="ヘッダー ファイル\Triangle">
      <UniqueIdentifier>{266ffc38-ba75-4ce5-b9db-92acb61ea79e}</UniqueIdentifier>
    </Filter>
  </ItemGroup>
  <ItemGroup>
    <ClCompile Include="main.cpp">
      <Filter>ソース ファイル</Filter>
    </ClCompile>
    <ClCompile Include="DirectX12.cpp">
      <Filter>ソース ファイル\DirectX12</Filter>
    </ClCompile>
    <ClCompile Include="WindowsAPI.cpp">
      <Filter>ソース ファイル\WindowsAPI</Filter>
    </ClCompile>
    <ClCompile Include="GraphicsRenderer.cpp">
      <Filter>ソース ファイル\GraphicsRenderer</Filter>
    </ClCompile>
    <ClCompile Include="FormatString.cpp">
      <Filter>ソース ファイル\FormatString</Filter>
    </ClCompile>
    <ClCompile Include="GameManager.cpp">
      <Filter>ソース ファイル\GameManager</Filter>
    </ClCompile>
    <ClCompile Include="Triangle.cpp">
      <Filter>ソース ファイル\Triangle</Filter>
    </ClCompile>
  </ItemGroup>
  <ItemGroup>
    <FxCompile Include="Object3d.VS.hlsl" />
    <FxCompile Include="Object3d.PS.hlsl" />
  </ItemGroup>
  <ItemGroup>
    <ClInclude Include="Vector4.h">
      <Filter>ヘッダー ファイル</Filter>
    </ClInclude>
    <ClInclude Include="DirectX12.h">
      <Filter>ヘッダー ファイル\DirectX12</Filter>
    </ClInclude>
    <ClInclude Include="WindowsAPI.h">
      <Filter>ヘッダー ファイル\WindowsAPI</Filter>
    </ClInclude>
    <ClInclude Include="GraphicsRenderer.h">
      <Filter>ヘッダー ファイル\GraphicsRenderer</Filter>
    </ClInclude>
    <ClInclude Include="FormatString.h">
      <Filter>ヘッダー ファイル\FormatString</Filter>
    </ClInclude>
    <ClInclude Include="GameManager.h">
      <Filter>ヘッダー ファイル\GameManager</Filter>
    </ClInclude>
    <ClInclude Include="Triangle.h">
      <Filter>ヘッダー ファイル\Triangle</Filter>
    </ClInclude>
  </ItemGroup>
</Project>