
Microsoft Visual Studio Solution File, Format Version 12.00
# Visual Studio Version 17
VisualStudioVersion = 17.5.33530.505
MinimumVisualStudioVersion = 10.0.40219.1
Project("{8BC9CEB8-8B4A-11D0-8D11-00A0C91BC942}") = "CG2", "DirectXGame2.vcxproj", "{3478DF70-AAFB-49ED-9225-0402DD1C4EC7}"
EndProject
Project("{2150E333-8FDC-42A3-9474-1A3956D46DE8}") = "ソリューション項目", "ソリューション項目", "{17D6ABF0-BA12-48E5-85D1-BF8DD75AEEDD}"
	ProjectSection(SolutionItems) = preProject
		.editorconfig = .editorconfig
	EndProjectSection
EndProject
Project("{8BC9CEB8-8B4A-11D0-8D11-00A0C91BC942}") = "DirectXTex", "externals\DirectXTex\DirectXTex_Desktop_2022_Win10.vcxproj", "{371B9FA9-4C90-4AC6-A123-ACED756D6C77}"
EndProject
Global
	GlobalSection(SolutionConfigurationPlatforms) = preSolution
		Debug|x64 = Debug|x64
		Profile|x64 = Profile|x64
		Release|x64 = Release|x64
	EndGlobalSection
	GlobalSection(ProjectConfigurationPlatforms) = postSolution
		{3478DF70-AAFB-49ED-9225-0402DD1C4EC7}.Debug|x64.ActiveCfg = Debug|x64
		{3478DF70-AAFB-49ED-9225-0402DD1C4EC7}.Debug|x64.Build.0 = Debug|x64
		{3478DF70-AAFB-49ED-9225-0402DD1C4EC7}.Profile|x64.ActiveCfg = Release|x64
		{3478DF70-AAFB-49ED-9225-0402DD1C4EC7}.Profile|x64.Build.0 = Release|x64
		{3478DF70-AAFB-49ED-9225-0402DD1C4EC7}.Release|x64.ActiveCfg = Release|x64
		{3478DF70-AAFB-49ED-9225-0402DD1C4EC7}.Release|x64.Build.0 = Release|x64
		{371B9FA9-4C90-4AC6-A123-ACED756D6C77}.Debug|x64.ActiveCfg = Debug|x64
		{371B9FA9-4C90-4AC6-A123-ACED756D6C77}.Debug|x64.Build.0 = Debug|x64
		{371B9FA9-4C90-4AC6-A123-ACED756D6C77}.Profile|x64.ActiveCfg = Profile|x64
		{371B9FA9-4C90-4AC6-A123-ACED756D6C77}.Profile|x64.Build.0 = Profile|x64
		{371B9FA9-4C90-4AC6-A123-ACED756D6C77}.Release|x64.ActiveCfg = Release|x64
		{371B9FA9-4C90-4AC6-A123-ACED756D6C77}.Release|x64.Build.0 = Release|x64
	EndGlobalSection
	GlobalSection(SolutionProperties) = preSolution
		HideSolutionNode = FALSE
	EndGlobalSection
	GlobalSection(ExtensibilityGlobals) = postSolution
		SolutionGuid = {FF4F8A0E-1C11-4B1C-B5A6-F46CA111DEA6}
	EndGlobalSection
EndGlobal
